
Microsoft Visual Studio Solution File, Format Version 12.00
# Visual Studio Version 16
VisualStudioVersion = 16.0.33027.164
MinimumVisualStudioVersion = 10.0.40219.1
Project("{FAE04EC0-301F-11D3-BF4B-00C04F79EFBC}") = "WebApplication5", "WebApplication5\WebApplication5.csproj", "{B5AA6189-8C80-4FC7-8BCA-97E53DB0FCF1}"
EndProject
Global
	GlobalSection(SolutionConfigurationPlatforms) = preSolution
		Debug|Any CPU = Debug|Any CPU
		Release|Any CPU = Release|Any CPU
	EndGlobalSection
	GlobalSection(ProjectConfigurationPlatforms) = postSolution
		{B5AA6189-8C80-4FC7-8BCA-97E53DB0FCF1}.Debug|Any CPU.ActiveCfg = Debug|Any CPU
		{B5AA6189-8C80-4FC7-8BCA-97E53DB0FCF1}.Debug|Any CPU.Build.0 = Debug|Any CPU
		{B5AA6189-8C80-4FC7-8BCA-97E53DB0FCF1}.Release|Any CPU.ActiveCfg = Release|Any CPU
		{B5AA6189-8C80-4FC7-8BCA-97E53DB0FCF1}.Release|Any CPU.Build.0 = Release|Any CPU
	EndGlobalSection
	GlobalSection(SolutionProperties) = preSolution
		HideSolutionNode = FALSE
	EndGlobalSection
	GlobalSection(ExtensibilityGlobals) = postSolution
		SolutionGuid = {3153E276-9C89-4367-8841-C5F032679A95}
	EndGlobalSection
EndGlobal
